
Microsoft Visual Studio Solution File, Format Version 12.00
# Visual Studio Version 17
VisualStudioVersion = 17.8.34309.116
MinimumVisualStudioVersion = 10.0.40219.1
Project("{FAE04EC0-301F-11D3-BF4B-00C04F79EFBC}") = "grades calculator", "grades calculator.csproj", "{CDBEBD7E-58FC-416A-A136-404C2230F048}"
EndProject
Global
	GlobalSection(SolutionConfigurationPlatforms) = preSolution
		Debug|Any CPU = Debug|Any CPU
		Release|Any CPU = Release|Any CPU
	EndGlobalSection
	GlobalSection(ProjectConfigurationPlatforms) = postSolution
		{CDBEBD7E-58FC-416A-A136-404C2230F048}.Debug|Any CPU.ActiveCfg = Debug|Any CPU
		{CDBEBD7E-58FC-416A-A136-404C2230F048}.Debug|Any CPU.Build.0 = Debug|Any CPU
		{CDBEBD7E-58FC-416A-A136-404C2230F048}.Release|Any CPU.ActiveCfg = Release|Any CPU
		{CDBEBD7E-58FC-416A-A136-404C2230F048}.Release|Any CPU.Build.0 = Release|Any CPU
	EndGlobalSection
	GlobalSection(SolutionProperties) = preSolution
		HideSolutionNode = FALSE
	EndGlobalSection
	GlobalSection(ExtensibilityGlobals) = postSolution
		SolutionGuid = {F6ACE7D7-7EA9-423E-9C78-A580B5584B0B}
	EndGlobalSection
EndGlobal
